# Code generated by scarb DO NOT EDIT.
version = 1

[[package]]
name = "alexandria_bytes"
version = "0.1.0"
source = "git+https://github.com/keep-starknet-strange/alexandria.git#78b0d5114e7dbd71e79c4504e8ecb56d9b5c6995"
dependencies = [
 "alexandria_data_structures",
 "alexandria_math",
]

[[package]]
name = "alexandria_data_structures"
version = "0.2.0"
source = "git+https://github.com/keep-starknet-strange/alexandria.git#78b0d5114e7dbd71e79c4504e8ecb56d9b5c6995"
dependencies = [
 "alexandria_encoding",
]

[[package]]
name = "alexandria_encoding"
version = "0.1.0"
source = "git+https://github.com/keep-starknet-strange/alexandria.git#78b0d5114e7dbd71e79c4504e8ecb56d9b5c6995"
dependencies = [
 "alexandria_bytes",
 "alexandria_math",
 "alexandria_numeric",
]

[[package]]
name = "alexandria_math"
version = "0.2.0"
source = "git+https://github.com/keep-starknet-strange/alexandria.git#78b0d5114e7dbd71e79c4504e8ecb56d9b5c6995"
dependencies = [
 "alexandria_data_structures",
]

[[package]]
name = "alexandria_numeric"
version = "0.1.0"
source = "git+https://github.com/keep-starknet-strange/alexandria.git#78b0d5114e7dbd71e79c4504e8ecb56d9b5c6995"
dependencies = [
 "alexandria_math",
 "alexandria_searching",
]

[[package]]
name = "alexandria_searching"
version = "0.1.0"
source = "git+https://github.com/keep-starknet-strange/alexandria.git#78b0d5114e7dbd71e79c4504e8ecb56d9b5c6995"
dependencies = [
 "alexandria_data_structures",
]

[[package]]
name = "openzeppelin"
version = "0.12.0"
source = "git+https://github.com/OpenZeppelin/cairo-contracts.git?tag=v0.12.0#0697004db74502ce49900edef37331dd03531356"

[[package]]
name = "rabbitx"
version = "0.1.0"
dependencies = [
 "alexandria_bytes",
 "openzeppelin",
 "snforge_std",
]

[[package]]
name = "snforge_std"
version = "0.20.0"
source = "git+https://github.com/foundry-rs/starknet-foundry.git?tag=v0.20.0#423eecf7847469e353258321274394b9155d24eb"
